{
  "name": "lab-iv",
  "version": "1.0.0",
  "lockfileVersion": 3,
  "requires": true,
  "packages": {
    "": {
      "name": "lab-iv",
      "version": "1.0.0",
      "license": "ISC",
      "dependencies": {
        "lab4-compiler": "^1.0.6"
      }
    },
    "node_modules/lab4-compiler": {
      "version": "1.0.6",
      "resolved": "https://registry.npmjs.org/lab4-compiler/-/lab4-compiler-1.0.6.tgz",
      "integrity": "sha512-a1Wj+J6b49SCxFwe/3SjqurrrWTzcL65dbzEkq+gxaDSPAHY2agn7fOdZQ56UgpNR0W/LgYah8jok2kEv6QhrA==",
      "dependencies": {
        "minimist": "^1.2.8"
      },
      "bin": {
        "lab4-compiler": "compiler.js"
      }
    },
    "node_modules/minimist": {
      "version": "1.2.8",
      "resolved": "https://registry.npmjs.org/minimist/-/minimist-1.2.8.tgz",
      "integrity": "sha512-2yyAR8qBkN3YuheJanUpWC5U3bb5osDywNB8RzDVlDwDHbocAJveqqj1u8+SVD7jkWT4yvsHCpWqqWqAxb0zCA==",
      "funding": {
        "url": "https://github.com/sponsors/ljharb"
      }
    }
  }
}
